// !$*UTF8*$!
{
	archiveVersion = 1;
	classes = {
	};
	objectVersion = 46;
	objects = {

/* Begin PBXBuildFile section */
		8C2F0F971E6FEC2600A8A008 /* main.m in Sources */ = {isa = PBXBuildFile; fileRef = 8C2F0F961E6FEC2600A8A008 /* main.m */; };
		8C2F0F9A1E6FEC2600A8A008 /* AppDelegate.m in Sources */ = {isa = PBXBuildFile; fileRef = 8C2F0F991E6FEC2600A8A008 /* AppDelegate.m */; };
		8C2F0F9D1E6FEC2600A8A008 /* ViewController.m in Sources */ = {isa = PBXBuildFile; fileRef = 8C2F0F9C1E6FEC2600A8A008 /* ViewController.m */; };
		8C2F0FA01E6FEC2600A8A008 /* Main.storyboard in Resources */ = {isa = PBXBuildFile; fileRef = 8C2F0F9E1E6FEC2600A8A008 /* Main.storyboard */; };
		8C2F0FA31E6FEC2600A8A008 /* CalendarDemo.xcdatamodeld in Sources */ = {isa = PBXBuildFile; fileRef = 8C2F0FA11E6FEC2600A8A008 /* CalendarDemo.xcdatamodeld */; };
		8C2F0FA51E6FEC2600A8A008 /* Assets.xcassets in Resources */ = {isa = PBXBuildFile; fileRef = 8C2F0FA41E6FEC2600A8A008 /* Assets.xcassets */; };
		8C2F0FA81E6FEC2600A8A008 /* LaunchScreen.storyboard in Resources */ = {isa = PBXBuildFile; fileRef = 8C2F0FA61E6FEC2600A8A008 /* LaunchScreen.storyboard */; };
		8C2F0FB31E6FEC2600A8A008 /* CalendarDemoTests.m in Sources */ = {isa = PBXBuildFile; fileRef = 8C2F0FB21E6FEC2600A8A008 /* CalendarDemoTests.m */; };
		8C2F0FBE1E6FEC2600A8A008 /* CalendarDemoUITests.m in Sources */ = {isa = PBXBuildFile; fileRef = 8C2F0FBD1E6FEC2600A8A008 /* CalendarDemoUITests.m */; };
		8C640FD91E715C3600E5AD09 /* EKEvent+JS.m in Sources */ = {isa = PBXBuildFile; fileRef = 8C640FD41E715C3600E5AD09 /* EKEvent+JS.m */; };
		8C640FDA1E715C3600E5AD09 /* EKEvent+JS.m in Sources */ = {isa = PBXBuildFile; fileRef = 8C640FD41E715C3600E5AD09 /* EKEvent+JS.m */; };
		8C640FDB1E715C3600E5AD09 /* EKEvent+JS.m in Sources */ = {isa = PBXBuildFile; fileRef = 8C640FD41E715C3600E5AD09 /* EKEvent+JS.m */; };
		8C640FDF1E715C3600E5AD09 /* JSEventKit.h in Sources */ = {isa = PBXBuildFile; fileRef = 8C640FD81E715C3600E5AD09 /* JSEventKit.h */; };
		8C640FE01E715C3600E5AD09 /* JSEventKit.h in Sources */ = {isa = PBXBuildFile; fileRef = 8C640FD81E715C3600E5AD09 /* JSEventKit.h */; };
		8C640FE11E715C3600E5AD09 /* JSEventKit.h in Sources */ = {isa = PBXBuildFile; fileRef = 8C640FD81E715C3600E5AD09 /* JSEventKit.h */; };
		8C640FEA1E715D4A00E5AD09 /* EKCalendar+JS.m in Sources */ = {isa = PBXBuildFile; fileRef = 8C640FE91E715D4A00E5AD09 /* EKCalendar+JS.m */; };
		8C640FEB1E715D4A00E5AD09 /* EKCalendar+JS.m in Sources */ = {isa = PBXBuildFile; fileRef = 8C640FE91E715D4A00E5AD09 /* EKCalendar+JS.m */; };
		8C640FEC1E715D4A00E5AD09 /* EKCalendar+JS.m in Sources */ = {isa = PBXBuildFile; fileRef = 8C640FE91E715D4A00E5AD09 /* EKCalendar+JS.m */; };
		8C640FF01E716D3900E5AD09 /* JSEventStore.m in Sources */ = {isa = PBXBuildFile; fileRef = 8C640FEF1E716D3900E5AD09 /* JSEventStore.m */; };
		8C640FF11E716D3900E5AD09 /* JSEventStore.m in Sources */ = {isa = PBXBuildFile; fileRef = 8C640FEF1E716D3900E5AD09 /* JSEventStore.m */; };
		8C640FF21E716D3900E5AD09 /* JSEventStore.m in Sources */ = {isa = PBXBuildFile; fileRef = 8C640FEF1E716D3900E5AD09 /* JSEventStore.m */; };
/* End PBXBuildFile section */

/* Begin PBXContainerItemProxy section */
		8C2F0FAF1E6FEC2600A8A008 /* PBXContainerItemProxy */ = {
			isa = PBXContainerItemProxy;
			containerPortal = 8C2F0F8A1E6FEC2500A8A008 /* Project object */;
			proxyType = 1;
			remoteGlobalIDString = 8C2F0F911E6FEC2500A8A008;
			remoteInfo = CalendarDemo;
		};
		8C2F0FBA1E6FEC2600A8A008 /* PBXContainerItemProxy */ = {
			isa = PBXContainerItemProxy;
			containerPortal = 8C2F0F8A1E6FEC2500A8A008 /* Project object */;
			proxyType = 1;
			remoteGlobalIDString = 8C2F0F911E6FEC2500A8A008;
			remoteInfo = CalendarDemo;
		};
/* End PBXContainerItemProxy section */

/* Begin PBXFileReference section */
		8C2F0F921E6FEC2600A8A008 /* JSCalendar.app */ = {isa = PBXFileReference; explicitFileType = wrapper.application; includeInIndex = 0; path = JSCalendar.app; sourceTree = BUILT_PRODUCTS_DIR; };
		8C2F0F961E6FEC2600A8A008 /* main.m */ = {isa = PBXFileReference; lastKnownFileType = sourcecode.c.objc; path = main.m; sourceTree = "<group>"; };
		8C2F0F981E6FEC2600A8A008 /* AppDelegate.h */ = {isa = PBXFileReference; lastKnownFileType = sourcecode.c.h; path = AppDelegate.h; sourceTree = "<group>"; };
		8C2F0F991E6FEC2600A8A008 /* AppDelegate.m */ = {isa = PBXFileReference; lastKnownFileType = sourcecode.c.objc; path = AppDelegate.m; sourceTree = "<group>"; };
		8C2F0F9B1E6FEC2600A8A008 /* ViewController.h */ = {isa = PBXFileReference; lastKnownFileType = sourcecode.c.h; path = ViewController.h; sourceTree = "<group>"; };
		8C2F0F9C1E6FEC2600A8A008 /* ViewController.m */ = {isa = PBXFileReference; lastKnownFileType = sourcecode.c.objc; lineEnding = 0; path = ViewController.m; sourceTree = "<group>"; xcLanguageSpecificationIdentifier = xcode.lang.objc; };
		8C2F0F9F1E6FEC2600A8A008 /* Base */ = {isa = PBXFileReference; lastKnownFileType = file.storyboard; name = Base; path = Base.lproj/Main.storyboard; sourceTree = "<group>"; };
		8C2F0FA21E6FEC2600A8A008 /* CalendarDemo.xcdatamodel */ = {isa = PBXFileReference; lastKnownFileType = wrapper.xcdatamodel; path = CalendarDemo.xcdatamodel; sourceTree = "<group>"; };
		8C2F0FA41E6FEC2600A8A008 /* Assets.xcassets */ = {isa = PBXFileReference; lastKnownFileType = folder.assetcatalog; path = Assets.xcassets; sourceTree = "<group>"; };
		8C2F0FA71E6FEC2600A8A008 /* Base */ = {isa = PBXFileReference; lastKnownFileType = file.storyboard; name = Base; path = Base.lproj/LaunchScreen.storyboard; sourceTree = "<group>"; };
		8C2F0FA91E6FEC2600A8A008 /* Info.plist */ = {isa = PBXFileReference; lastKnownFileType = text.plist.xml; path = Info.plist; sourceTree = "<group>"; };
		8C2F0FAE1E6FEC2600A8A008 /* JSCalendar.xctest */ = {isa = PBXFileReference; explicitFileType = wrapper.cfbundle; includeInIndex = 0; path = JSCalendar.xctest; sourceTree = BUILT_PRODUCTS_DIR; };
		8C2F0FB21E6FEC2600A8A008 /* CalendarDemoTests.m */ = {isa = PBXFileReference; lastKnownFileType = sourcecode.c.objc; path = CalendarDemoTests.m; sourceTree = "<group>"; };
		8C2F0FB41E6FEC2600A8A008 /* Info.plist */ = {isa = PBXFileReference; lastKnownFileType = text.plist.xml; path = Info.plist; sourceTree = "<group>"; };
		8C2F0FB91E6FEC2600A8A008 /* JSCalendar.xctest */ = {isa = PBXFileReference; explicitFileType = wrapper.cfbundle; includeInIndex = 0; path = JSCalendar.xctest; sourceTree = BUILT_PRODUCTS_DIR; };
		8C2F0FBD1E6FEC2600A8A008 /* CalendarDemoUITests.m */ = {isa = PBXFileReference; lastKnownFileType = sourcecode.c.objc; path = CalendarDemoUITests.m; sourceTree = "<group>"; };
		8C2F0FBF1E6FEC2600A8A008 /* Info.plist */ = {isa = PBXFileReference; lastKnownFileType = text.plist.xml; path = Info.plist; sourceTree = "<group>"; };
		8C640FD31E715C3600E5AD09 /* EKEvent+JS.h */ = {isa = PBXFileReference; fileEncoding = 4; lastKnownFileType = sourcecode.c.h; lineEnding = 0; path = "EKEvent+JS.h"; sourceTree = "<group>"; xcLanguageSpecificationIdentifier = xcode.lang.objcpp; };
		8C640FD41E715C3600E5AD09 /* EKEvent+JS.m */ = {isa = PBXFileReference; fileEncoding = 4; lastKnownFileType = sourcecode.c.objc; lineEnding = 0; path = "EKEvent+JS.m"; sourceTree = "<group>"; xcLanguageSpecificationIdentifier = xcode.lang.objc; };
		8C640FD81E715C3600E5AD09 /* JSEventKit.h */ = {isa = PBXFileReference; fileEncoding = 4; lastKnownFileType = sourcecode.c.h; path = JSEventKit.h; sourceTree = "<group>"; };
		8C640FE81E715D4A00E5AD09 /* EKCalendar+JS.h */ = {isa = PBXFileReference; fileEncoding = 4; lastKnownFileType = sourcecode.c.h; path = "EKCalendar+JS.h"; sourceTree = "<group>"; };
		8C640FE91E715D4A00E5AD09 /* EKCalendar+JS.m */ = {isa = PBXFileReference; fileEncoding = 4; lastKnownFileType = sourcecode.c.objc; path = "EKCalendar+JS.m"; sourceTree = "<group>"; };
		8C640FEE1E716D3900E5AD09 /* JSEventStore.h */ = {isa = PBXFileReference; fileEncoding = 4; lastKnownFileType = sourcecode.c.h; path = JSEventStore.h; sourceTree = "<group>"; };
		8C640FEF1E716D3900E5AD09 /* JSEventStore.m */ = {isa = PBXFileReference; fileEncoding = 4; lastKnownFileType = sourcecode.c.objc; path = JSEventStore.m; sourceTree = "<group>"; };
/* End PBXFileReference section */

/* Begin PBXFrameworksBuildPhase section */
		8C2F0F8F1E6FEC2500A8A008 /* Frameworks */ = {
			isa = PBXFrameworksBuildPhase;
			buildActionMask = 2147483647;
			files = (
			);
			runOnlyForDeploymentPostprocessing = 0;
		};
		8C2F0FAB1E6FEC2600A8A008 /* Frameworks */ = {
			isa = PBXFrameworksBuildPhase;
			buildActionMask = 2147483647;
			files = (
			);
			runOnlyForDeploymentPostprocessing = 0;
		};
		8C2F0FB61E6FEC2600A8A008 /* Frameworks */ = {
			isa = PBXFrameworksBuildPhase;
			buildActionMask = 2147483647;
			files = (
			);
			runOnlyForDeploymentPostprocessing = 0;
		};
/* End PBXFrameworksBuildPhase section */

/* Begin PBXGroup section */
		8C2F0F891E6FEC2500A8A008 = {
			isa = PBXGroup;
			children = (
				8C2F0F941E6FEC2600A8A008 /* CalendarDemo */,
				8C2F0FB11E6FEC2600A8A008 /* CalendarDemoTests */,
				8C2F0FBC1E6FEC2600A8A008 /* CalendarDemoUITests */,
				8C2F0F931E6FEC2600A8A008 /* Products */,
			);
			sourceTree = "<group>";
		};
		8C2F0F931E6FEC2600A8A008 /* Products */ = {
			isa = PBXGroup;
			children = (
				8C2F0F921E6FEC2600A8A008 /* JSCalendar.app */,
				8C2F0FAE1E6FEC2600A8A008 /* JSCalendar.xctest */,
				8C2F0FB91E6FEC2600A8A008 /* JSCalendar.xctest */,
			);
			name = Products;
			sourceTree = "<group>";
		};
		8C2F0F941E6FEC2600A8A008 /* CalendarDemo */ = {
			isa = PBXGroup;
			children = (
				8C2F0F981E6FEC2600A8A008 /* AppDelegate.h */,
				8C2F0F991E6FEC2600A8A008 /* AppDelegate.m */,
				8C2F0F9B1E6FEC2600A8A008 /* ViewController.h */,
				8C2F0F9C1E6FEC2600A8A008 /* ViewController.m */,
				8C640FD11E715C3600E5AD09 /* JSEventKit */,
				8C2F0F9E1E6FEC2600A8A008 /* Main.storyboard */,
				8C2F0FA41E6FEC2600A8A008 /* Assets.xcassets */,
				8C2F0FA61E6FEC2600A8A008 /* LaunchScreen.storyboard */,
				8C2F0FA91E6FEC2600A8A008 /* Info.plist */,
				8C2F0FA11E6FEC2600A8A008 /* CalendarDemo.xcdatamodeld */,
				8C2F0F951E6FEC2600A8A008 /* Supporting Files */,
			);
			path = CalendarDemo;
			sourceTree = "<group>";
		};
		8C2F0F951E6FEC2600A8A008 /* Supporting Files */ = {
			isa = PBXGroup;
			children = (
				8C2F0F961E6FEC2600A8A008 /* main.m */,
			);
			name = "Supporting Files";
			sourceTree = "<group>";
		};
		8C2F0FB11E6FEC2600A8A008 /* CalendarDemoTests */ = {
			isa = PBXGroup;
			children = (
				8C2F0FB21E6FEC2600A8A008 /* CalendarDemoTests.m */,
				8C2F0FB41E6FEC2600A8A008 /* Info.plist */,
			);
			path = CalendarDemoTests;
			sourceTree = "<group>";
		};
		8C2F0FBC1E6FEC2600A8A008 /* CalendarDemoUITests */ = {
			isa = PBXGroup;
			children = (
				8C2F0FBD1E6FEC2600A8A008 /* CalendarDemoUITests.m */,
				8C2F0FBF1E6FEC2600A8A008 /* Info.plist */,
			);
			path = CalendarDemoUITests;
			sourceTree = "<group>";
		};
		8C640FD11E715C3600E5AD09 /* JSEventKit */ = {
			isa = PBXGroup;
			children = (
				8C640FD81E715C3600E5AD09 /* JSEventKit.h */,
				8C640FED1E716D3900E5AD09 /* JSEventStore */,
				8C640FE71E715D4A00E5AD09 /* EKCalendar+JS */,
				8C640FD21E715C3600E5AD09 /* EKEvent+JS */,
			);
			path = JSEventKit;
			sourceTree = "<group>";
		};
		8C640FD21E715C3600E5AD09 /* EKEvent+JS */ = {
			isa = PBXGroup;
			children = (
				8C640FD31E715C3600E5AD09 /* EKEvent+JS.h */,
				8C640FD41E715C3600E5AD09 /* EKEvent+JS.m */,
			);
			path = "EKEvent+JS";
			sourceTree = "<group>";
		};
		8C640FE71E715D4A00E5AD09 /* EKCalendar+JS */ = {
			isa = PBXGroup;
			children = (
				8C640FE81E715D4A00E5AD09 /* EKCalendar+JS.h */,
				8C640FE91E715D4A00E5AD09 /* EKCalendar+JS.m */,
			);
			path = "EKCalendar+JS";
			sourceTree = "<group>";
		};
		8C640FED1E716D3900E5AD09 /* JSEventStore */ = {
			isa = PBXGroup;
			children = (
				8C640FEE1E716D3900E5AD09 /* JSEventStore.h */,
				8C640FEF1E716D3900E5AD09 /* JSEventStore.m */,
			);
			path = JSEventStore;
			sourceTree = "<group>";
		};
/* End PBXGroup section */

/* Begin PBXNativeTarget section */
		8C2F0F911E6FEC2500A8A008 /* JSCalendar */ = {
			isa = PBXNativeTarget;
			buildConfigurationList = 8C2F0FC21E6FEC2600A8A008 /* Build configuration list for PBXNativeTarget "JSCalendar" */;
			buildPhases = (
				8C2F0F8E1E6FEC2500A8A008 /* Sources */,
				8C2F0F8F1E6FEC2500A8A008 /* Frameworks */,
				8C2F0F901E6FEC2500A8A008 /* Resources */,
			);
			buildRules = (
			);
			dependencies = (
			);
			name = JSCalendar;
			productName = CalendarDemo;
			productReference = 8C2F0F921E6FEC2600A8A008 /* JSCalendar.app */;
			productType = "com.apple.product-type.application";
		};
		8C2F0FAD1E6FEC2600A8A008 /* JSCalendarTests */ = {
			isa = PBXNativeTarget;
			buildConfigurationList = 8C2F0FC51E6FEC2600A8A008 /* Build configuration list for PBXNativeTarget "JSCalendarTests" */;
			buildPhases = (
				8C2F0FAA1E6FEC2600A8A008 /* Sources */,
				8C2F0FAB1E6FEC2600A8A008 /* Frameworks */,
				8C2F0FAC1E6FEC2600A8A008 /* Resources */,
			);
			buildRules = (
			);
			dependencies = (
				8C2F0FB01E6FEC2600A8A008 /* PBXTargetDependency */,
			);
			name = JSCalendarTests;
			productName = CalendarDemoTests;
			productReference = 8C2F0FAE1E6FEC2600A8A008 /* JSCalendar.xctest */;
			productType = "com.apple.product-type.bundle.unit-test";
		};
		8C2F0FB81E6FEC2600A8A008 /* JSCalendarUITests */ = {
			isa = PBXNativeTarget;
			buildConfigurationList = 8C2F0FC81E6FEC2600A8A008 /* Build configuration list for PBXNativeTarget "JSCalendarUITests" */;
			buildPhases = (
				8C2F0FB51E6FEC2600A8A008 /* Sources */,
				8C2F0FB61E6FEC2600A8A008 /* Frameworks */,
				8C2F0FB71E6FEC2600A8A008 /* Resources */,
			);
			buildRules = (
			);
			dependencies = (
				8C2F0FBB1E6FEC2600A8A008 /* PBXTargetDependency */,
			);
			name = JSCalendarUITests;
			productName = CalendarDemoUITests;
			productReference = 8C2F0FB91E6FEC2600A8A008 /* JSCalendar.xctest */;
			productType = "com.apple.product-type.bundle.ui-testing";
		};
/* End PBXNativeTarget section */

/* Begin PBXProject section */
		8C2F0F8A1E6FEC2500A8A008 /* Project object */ = {
			isa = PBXProject;
			attributes = {
				LastUpgradeCheck = 0800;
				ORGANIZATIONNAME = "Jayesh Sojitra";
				TargetAttributes = {
					8C2F0F911E6FEC2500A8A008 = {
						CreatedOnToolsVersion = 8.0;
						ProvisioningStyle = Automatic;
					};
					8C2F0FAD1E6FEC2600A8A008 = {
						CreatedOnToolsVersion = 8.0;
						ProvisioningStyle = Automatic;
						TestTargetID = 8C2F0F911E6FEC2500A8A008;
					};
					8C2F0FB81E6FEC2600A8A008 = {
						CreatedOnToolsVersion = 8.0;
						ProvisioningStyle = Automatic;
						TestTargetID = 8C2F0F911E6FEC2500A8A008;
					};
				};
			};
			buildConfigurationList = 8C2F0F8D1E6FEC2500A8A008 /* Build configuration list for PBXProject "JSCalendar" */;
			compatibilityVersion = "Xcode 3.2";
			developmentRegion = English;
			hasScannedForEncodings = 0;
			knownRegions = (
				en,
				Base,
			);
			mainGroup = 8C2F0F891E6FEC2500A8A008;
			productRefGroup = 8C2F0F931E6FEC2600A8A008 /* Products */;
			projectDirPath = "";
			projectRoot = "";
			targets = (
				8C2F0F911E6FEC2500A8A008 /* JSCalendar */,
				8C2F0FAD1E6FEC2600A8A008 /* JSCalendarTests */,
				8C2F0FB81E6FEC2600A8A008 /* JSCalendarUITests */,
			);
		};
/* End PBXProject section */

/* Begin PBXResourcesBuildPhase section */
		8C2F0F901E6FEC2500A8A008 /* Resources */ = {
			isa = PBXResourcesBuildPhase;
			buildActionMask = 2147483647;
			files = (
				8C2F0FA81E6FEC2600A8A008 /* LaunchScreen.storyboard in Resources */,
				8C2F0FA51E6FEC2600A8A008 /* Assets.xcassets in Resources */,
				8C2F0FA01E6FEC2600A8A008 /* Main.storyboard in Resources */,
			);
			runOnlyForDeploymentPostprocessing = 0;
		};
		8C2F0FAC1E6FEC2600A8A008 /* Resources */ = {
			isa = PBXResourcesBuildPhase;
			buildActionMask = 2147483647;
			files = (
			);
			runOnlyForDeploymentPostprocessing = 0;
		};
		8C2F0FB71E6FEC2600A8A008 /* Resources */ = {
			isa = PBXResourcesBuildPhase;
			buildActionMask = 2147483647;
			files = (
			);
			runOnlyForDeploymentPostprocessing = 0;
		};
/* End PBXResourcesBuildPhase section */

/* Begin PBXSourcesBuildPhase section */
		8C2F0F8E1E6FEC2500A8A008 /* Sources */ = {
			isa = PBXSourcesBuildPhase;
			buildActionMask = 2147483647;
			files = (
				8C2F0FA31E6FEC2600A8A008 /* CalendarDemo.xcdatamodeld in Sources */,
				8C640FDF1E715C3600E5AD09 /* JSEventKit.h in Sources */,
				8C2F0F9D1E6FEC2600A8A008 /* ViewController.m in Sources */,
				8C640FEA1E715D4A00E5AD09 /* EKCalendar+JS.m in Sources */,
				8C2F0F9A1E6FEC2600A8A008 /* AppDelegate.m in Sources */,
				8C640FF01E716D3900E5AD09 /* JSEventStore.m in Sources */,
				8C2F0F971E6FEC2600A8A008 /* main.m in Sources */,
				8C640FD91E715C3600E5AD09 /* EKEvent+JS.m in Sources */,
			);
			runOnlyForDeploymentPostprocessing = 0;
		};
		8C2F0FAA1E6FEC2600A8A008 /* Sources */ = {
			isa = PBXSourcesBuildPhase;
			buildActionMask = 2147483647;
			files = (
				8C640FF11E716D3900E5AD09 /* JSEventStore.m in Sources */,
				8C2F0FB31E6FEC2600A8A008 /* CalendarDemoTests.m in Sources */,
				8C640FEB1E715D4A00E5AD09 /* EKCalendar+JS.m in Sources */,
				8C640FE01E715C3600E5AD09 /* JSEventKit.h in Sources */,
				8C640FDA1E715C3600E5AD09 /* EKEvent+JS.m in Sources */,
			);
			runOnlyForDeploymentPostprocessing = 0;
		};
		8C2F0FB51E6FEC2600A8A008 /* Sources */ = {
			isa = PBXSourcesBuildPhase;
			buildActionMask = 2147483647;
			files = (
				8C640FF21E716D3900E5AD09 /* JSEventStore.m in Sources */,
				8C2F0FBE1E6FEC2600A8A008 /* CalendarDemoUITests.m in Sources */,
				8C640FEC1E715D4A00E5AD09 /* EKCalendar+JS.m in Sources */,
				8C640FE11E715C3600E5AD09 /* JSEventKit.h in Sources */,
				8C640FDB1E715C3600E5AD09 /* EKEvent+JS.m in Sources */,
			);
			runOnlyForDeploymentPostprocessing = 0;
		};
/* End PBXSourcesBuildPhase section */

/* Begin PBXTargetDependency section */
		8C2F0FB01E6FEC2600A8A008 /* PBXTargetDependency */ = {
			isa = PBXTargetDependency;
			target = 8C2F0F911E6FEC2500A8A008 /* JSCalendar */;
			targetProxy = 8C2F0FAF1E6FEC2600A8A008 /* PBXContainerItemProxy */;
		};
		8C2F0FBB1E6FEC2600A8A008 /* PBXTargetDependency */ = {
			isa = PBXTargetDependency;
			target = 8C2F0F911E6FEC2500A8A008 /* JSCalendar */;
			targetProxy = 8C2F0FBA1E6FEC2600A8A008 /* PBXContainerItemProxy */;
		};
/* End PBXTargetDependency section */

/* Begin PBXVariantGroup section */
		8C2F0F9E1E6FEC2600A8A008 /* Main.storyboard */ = {
			isa = PBXVariantGroup;
			children = (
				8C2F0F9F1E6FEC2600A8A008 /* Base */,
			);
			name = Main.storyboard;
			sourceTree = "<group>";
		};
		8C2F0FA61E6FEC2600A8A008 /* LaunchScreen.storyboard */ = {
			isa = PBXVariantGroup;
			children = (
				8C2F0FA71E6FEC2600A8A008 /* Base */,
			);
			name = LaunchScreen.storyboard;
			sourceTree = "<group>";
		};
/* End PBXVariantGroup section */

/* Begin XCBuildConfiguration section */
		8C2F0FC01E6FEC2600A8A008 /* Debug */ = {
			isa = XCBuildConfiguration;
			buildSettings = {
				ALWAYS_SEARCH_USER_PATHS = NO;
				CLANG_ANALYZER_NONNULL = YES;
				CLANG_CXX_LANGUAGE_STANDARD = "gnu++0x";
				CLANG_CXX_LIBRARY = "libc++";
				CLANG_ENABLE_MODULES = YES;
				CLANG_ENABLE_OBJC_ARC = YES;
				CLANG_WARN_BOOL_CONVERSION = YES;
				CLANG_WARN_CONSTANT_CONVERSION = YES;
				CLANG_WARN_DIRECT_OBJC_ISA_USAGE = YES_ERROR;
				CLANG_WARN_DOCUMENTATION_COMMENTS = YES;
				CLANG_WARN_EMPTY_BODY = YES;
				CLANG_WARN_ENUM_CONVERSION = YES;
				CLANG_WARN_INFINITE_RECURSION = YES;
				CLANG_WARN_INT_CONVERSION = YES;
				CLANG_WARN_OBJC_ROOT_CLASS = YES_ERROR;
				CLANG_WARN_SUSPICIOUS_MOVES = YES;
				CLANG_WARN_UNREACHABLE_CODE = YES;
				CLANG_WARN__DUPLICATE_METHOD_MATCH = YES;
				"CODE_SIGN_IDENTITY[sdk=iphoneos*]" = "iPhone Developer";
				COPY_PHASE_STRIP = NO;
				DEBUG_INFORMATION_FORMAT = dwarf;
				ENABLE_STRICT_OBJC_MSGSEND = YES;
				ENABLE_TESTABILITY = YES;
				GCC_C_LANGUAGE_STANDARD = gnu99;
				GCC_DYNAMIC_NO_PIC = NO;
				GCC_NO_COMMON_BLOCKS = YES;
				GCC_OPTIMIZATION_LEVEL = 0;
				GCC_PREPROCESSOR_DEFINITIONS = (
					"DEBUG=1",
					"$(inherited)",
				);
				GCC_WARN_64_TO_32_BIT_CONVERSION = YES;
				GCC_WARN_ABOUT_RETURN_TYPE = YES_ERROR;
				GCC_WARN_UNDECLARED_SELECTOR = YES;
				GCC_WARN_UNINITIALIZED_AUTOS = YES_AGGRESSIVE;
				GCC_WARN_UNUSED_FUNCTION = YES;
				GCC_WARN_UNUSED_VARIABLE = YES;
				IPHONEOS_DEPLOYMENT_TARGET = 10.0;
				MTL_ENABLE_DEBUG_INFO = YES;
				ONLY_ACTIVE_ARCH = YES;
				SDKROOT = iphoneos;
				TARGETED_DEVICE_FAMILY = "1,2";
			};
			name = Debug;
		};
		8C2F0FC11E6FEC2600A8A008 /* Release */ = {
			isa = XCBuildConfiguration;
			buildSettings = {
				ALWAYS_SEARCH_USER_PATHS = NO;
				CLANG_ANALYZER_NONNULL = YES;
				CLANG_CXX_LANGUAGE_STANDARD = "gnu++0x";
				CLANG_CXX_LIBRARY = "libc++";
				CLANG_ENABLE_MODULES = YES;
				CLANG_ENABLE_OBJC_ARC = YES;
				CLANG_WARN_BOOL_CONVERSION = YES;
				CLANG_WARN_CONSTANT_CONVERSION = YES;
				CLANG_WARN_DIRECT_OBJC_ISA_USAGE = YES_ERROR;
				CLANG_WARN_DOCUMENTATION_COMMENTS = YES;
				CLANG_WARN_EMPTY_BODY = YES;
				CLANG_WARN_ENUM_CONVERSION = YES;
				CLANG_WARN_INFINITE_RECURSION = YES;
				CLANG_WARN_INT_CONVERSION = YES;
				CLANG_WARN_OBJC_ROOT_CLASS = YES_ERROR;
				CLANG_WARN_SUSPICIOUS_MOVES = YES;
				CLANG_WARN_UNREACHABLE_CODE = YES;
				CLANG_WARN__DUPLICATE_METHOD_MATCH = YES;
				"CODE_SIGN_IDENTITY[sdk=iphoneos*]" = "iPhone Developer";
				COPY_PHASE_STRIP = NO;
				DEBUG_INFORMATION_FORMAT = "dwarf-with-dsym";
				ENABLE_NS_ASSERTIONS = NO;
				ENABLE_STRICT_OBJC_MSGSEND = YES;
				GCC_C_LANGUAGE_STANDARD = gnu99;
				GCC_NO_COMMON_BLOCKS = YES;
				GCC_WARN_64_TO_32_BIT_CONVERSION = YES;
				GCC_WARN_ABOUT_RETURN_TYPE = YES_ERROR;
				GCC_WARN_UNDECLARED_SELECTOR = YES;
				GCC_WARN_UNINITIALIZED_AUTOS = YES_AGGRESSIVE;
				GCC_WARN_UNUSED_FUNCTION = YES;
				GCC_WARN_UNUSED_VARIABLE = YES;
				IPHONEOS_DEPLOYMENT_TARGET = 10.0;
				MTL_ENABLE_DEBUG_INFO = NO;
				SDKROOT = iphoneos;
				TARGETED_DEVICE_FAMILY = "1,2";
				VALIDATE_PRODUCT = YES;
			};
			name = Release;
		};
		8C2F0FC31E6FEC2600A8A008 /* Debug */ = {
			isa = XCBuildConfiguration;
			buildSettings = {
				ASSETCATALOG_COMPILER_APPICON_NAME = AppIcon;
				FRAMEWORK_SEARCH_PATHS = (
					"$(inherited)",
					"$(PROJECT_DIR)/CalendarDemo",
				);
				INFOPLIST_FILE = CalendarDemo/Info.plist;
				IPHONEOS_DEPLOYMENT_TARGET = 9.3;
				LD_RUNPATH_SEARCH_PATHS = "$(inherited) @executable_path/Frameworks";
				PRODUCT_BUNDLE_IDENTIFIER = com.jayeshsojitra.CalendarDemo;
				PRODUCT_NAME = JSCalendar;
			};
			name = Debug;
		};
		8C2F0FC41E6FEC2600A8A008 /* Release */ = {
			isa = XCBuildConfiguration;
			buildSettings = {
				ASSETCATALOG_COMPILER_APPICON_NAME = AppIcon;
				FRAMEWORK_SEARCH_PATHS = (
					"$(inherited)",
					"$(PROJECT_DIR)/CalendarDemo",
				);
				INFOPLIST_FILE = CalendarDemo/Info.plist;
				IPHONEOS_DEPLOYMENT_TARGET = 9.3;
				LD_RUNPATH_SEARCH_PATHS = "$(inherited) @executable_path/Frameworks";
				PRODUCT_BUNDLE_IDENTIFIER = com.jayeshsojitra.CalendarDemo;
				PRODUCT_NAME = JSCalendar;
			};
			name = Release;
		};
		8C2F0FC61E6FEC2600A8A008 /* Debug */ = {
			isa = XCBuildConfiguration;
			buildSettings = {
				BUNDLE_LOADER = "$(TEST_HOST)";
				FRAMEWORK_SEARCH_PATHS = (
					"$(inherited)",
					"$(PROJECT_DIR)/CalendarDemo",
				);
				INFOPLIST_FILE = CalendarDemoTests/Info.plist;
				LD_RUNPATH_SEARCH_PATHS = "$(inherited) @executable_path/Frameworks @loader_path/Frameworks";
				PRODUCT_BUNDLE_IDENTIFIER = com.jayeshsojitra.CalendarDemoTests;
				PRODUCT_NAME = JSCalendar;
				TEST_HOST = "$(BUILT_PRODUCTS_DIR)/JSCalendar.app/JSCalendar";
			};
			name = Debug;
		};
		8C2F0FC71E6FEC2600A8A008 /* Release */ = {
			isa = XCBuildConfiguration;
			buildSettings = {
				BUNDLE_LOADER = "$(TEST_HOST)";
				FRAMEWORK_SEARCH_PATHS = (
					"$(inherited)",
					"$(PROJECT_DIR)/CalendarDemo",
				);
				INFOPLIST_FILE = CalendarDemoTests/Info.plist;
				LD_RUNPATH_SEARCH_PATHS = "$(inherited) @executable_path/Frameworks @loader_path/Frameworks";
				PRODUCT_BUNDLE_IDENTIFIER = com.jayeshsojitra.CalendarDemoTests;
				PRODUCT_NAME = JSCalendar;
				TEST_HOST = "$(BUILT_PRODUCTS_DIR)/JSCalendar.app/JSCalendar";
			};
			name = Release;
		};
		8C2F0FC91E6FEC2600A8A008 /* Debug */ = {
			isa = XCBuildConfiguration;
			buildSettings = {
				FRAMEWORK_SEARCH_PATHS = (
					"$(inherited)",
					"$(PROJECT_DIR)/CalendarDemo",
				);
				INFOPLIST_FILE = CalendarDemoUITests/Info.plist;
				LD_RUNPATH_SEARCH_PATHS = "$(inherited) @executable_path/Frameworks @loader_path/Frameworks";
				PRODUCT_BUNDLE_IDENTIFIER = com.jayeshsojitra.CalendarDemoUITests;
				PRODUCT_NAME = JSCalendar;
				TEST_TARGET_NAME = CalendarDemo;
			};
			name = Debug;
		};
		8C2F0FCA1E6FEC2600A8A008 /* Release */ = {
			isa = XCBuildConfiguration;
			buildSettings = {
				FRAMEWORK_SEARCH_PATHS = (
					"$(inherited)",
					"$(PROJECT_DIR)/CalendarDemo",
				);
				INFOPLIST_FILE = CalendarDemoUITests/Info.plist;
				LD_RUNPATH_SEARCH_PATHS = "$(inherited) @executable_path/Frameworks @loader_path/Frameworks";
				PRODUCT_BUNDLE_IDENTIFIER = com.jayeshsojitra.CalendarDemoUITests;
				PRODUCT_NAME = JSCalendar;
				TEST_TARGET_NAME = CalendarDemo;
			};
			name = Release;
		};
/* End XCBuildConfiguration section */

/* Begin XCConfigurationList section */
		8C2F0F8D1E6FEC2500A8A008 /* Build configuration list for PBXProject "JSCalendar" */ = {
			isa = XCConfigurationList;
			buildConfigurations = (
				8C2F0FC01E6FEC2600A8A008 /* Debug */,
				8C2F0FC11E6FEC2600A8A008 /* Release */,
			);
			defaultConfigurationIsVisible = 0;
			defaultConfigurationName = Release;
		};
		8C2F0FC21E6FEC2600A8A008 /* Build configuration list for PBXNativeTarget "JSCalendar" */ = {
			isa = XCConfigurationList;
			buildConfigurations = (
				8C2F0FC31E6FEC2600A8A008 /* Debug */,
				8C2F0FC41E6FEC2600A8A008 /* Release */,
			);
			defaultConfigurationIsVisible = 0;
			defaultConfigurationName = Release;
		};
		8C2F0FC51E6FEC2600A8A008 /* Build configuration list for PBXNativeTarget "JSCalendarTests" */ = {
			isa = XCConfigurationList;
			buildConfigurations = (
				8C2F0FC61E6FEC2600A8A008 /* Debug */,
				8C2F0FC71E6FEC2600A8A008 /* Release */,
			);
			defaultConfigurationIsVisible = 0;
			defaultConfigurationName = Release;
		};
		8C2F0FC81E6FEC2600A8A008 /* Build configuration list for PBXNativeTarget "JSCalendarUITests" */ = {
			isa = XCConfigurationList;
			buildConfigurations = (
				8C2F0FC91E6FEC2600A8A008 /* Debug */,
				8C2F0FCA1E6FEC2600A8A008 /* Release */,
			);
			defaultConfigurationIsVisible = 0;
			defaultConfigurationName = Release;
		};
/* End XCConfigurationList section */

/* Begin XCVersionGroup section */
		8C2F0FA11E6FEC2600A8A008 /* CalendarDemo.xcdatamodeld */ = {
			isa = XCVersionGroup;
			children = (
				8C2F0FA21E6FEC2600A8A008 /* CalendarDemo.xcdatamodel */,
			);
			currentVersion = 8C2F0FA21E6FEC2600A8A008 /* CalendarDemo.xcdatamodel */;
			path = CalendarDemo.xcdatamodeld;
			sourceTree = "<group>";
			versionGroupType = wrapper.xcdatamodel;
		};
/* End XCVersionGroup section */
	};
	rootObject = 8C2F0F8A1E6FEC2500A8A008 /* Project object */;
}
